// !$*UTF8*$!
{
	archiveVersion = 1;
	classes = {
	};
	objectVersion = 48;
	objects = {

/* Begin PBXBuildFile section */
		7C459539206D2DE500D38305 /* Coin.swift in Sources */ = {isa = PBXBuildFile; fileRef = 7C459538206D2DE500D38305 /* Coin.swift */; };
		7C5B9A7B2075284D00D96FF5 /* Deck.swift in Sources */ = {isa = PBXBuildFile; fileRef = 7C5B9A7A2075284D00D96FF5 /* Deck.swift */; };
		7CA71FDB206A6CFA004AA05C /* RulesScene.swift in Sources */ = {isa = PBXBuildFile; fileRef = 7CA71FDA206A6CFA004AA05C /* RulesScene.swift */; };
		850643672072CC0E00BCC55D /* ImageProcessor.swift in Sources */ = {isa = PBXBuildFile; fileRef = 850643662072CC0E00BCC55D /* ImageProcessor.swift */; };
		8506436F2072F0A600BCC55D /* Classifier.mlmodel in Sources */ = {isa = PBXBuildFile; fileRef = 8506436E2072F0A600BCC55D /* Classifier.mlmodel */; };
		850DFD7C205B56D700CFE8F9 /* BaseGame.swift in Sources */ = {isa = PBXBuildFile; fileRef = 850DFD7B205B56D700CFE8F9 /* BaseGame.swift */; };
		85199506205C0554003FEB0C /* GameHandler.swift in Sources */ = {isa = PBXBuildFile; fileRef = 85199505205C0554003FEB0C /* GameHandler.swift */; };
		8519950B205C5595003FEB0C /* bgmusic.mp3 in Resources */ = {isa = PBXBuildFile; fileRef = 85199508205C5594003FEB0C /* bgmusic.mp3 */; };
		85199515205C5D55003FEB0C /* Coin2.mp3 in Resources */ = {isa = PBXBuildFile; fileRef = 85199513205C5D54003FEB0C /* Coin2.mp3 */; };
		85199516205C5D55003FEB0C /* Coin1.mp3 in Resources */ = {isa = PBXBuildFile; fileRef = 85199514205C5D54003FEB0C /* Coin1.mp3 */; };
		854AFE542073CDF5002403E3 /* SlotAction.swift in Sources */ = {isa = PBXBuildFile; fileRef = 8571B0E12073CB1C00310C65 /* SlotAction.swift */; };
		854AFE552073CDF5002403E3 /* BufferCondition.swift in Sources */ = {isa = PBXBuildFile; fileRef = 8571B0E22073CB1C00310C65 /* BufferCondition.swift */; };
		854AFE562073CDF5002403E3 /* Model.swift in Sources */ = {isa = PBXBuildFile; fileRef = 8571B0E32073CB1C00310C65 /* Model.swift */; };
		854AFE572073CDF5002403E3 /* Procedural.swift in Sources */ = {isa = PBXBuildFile; fileRef = 8571B0E42073CB1C00310C65 /* Procedural.swift */; };
		854AFE582073CDF5002403E3 /* Instantiation.swift in Sources */ = {isa = PBXBuildFile; fileRef = 8571B0E52073CB1C00310C65 /* Instantiation.swift */; };
		854AFE592073CDF5002403E3 /* Temporal.swift in Sources */ = {isa = PBXBuildFile; fileRef = 8571B0E62073CB1C00310C65 /* Temporal.swift */; };
		854AFE5A2073CDF5002403E3 /* Tokenizer.swift in Sources */ = {isa = PBXBuildFile; fileRef = 8571B0E72073CB1C00310C65 /* Tokenizer.swift */; };
		854AFE5B2073CDF5002403E3 /* SlotCondition.swift in Sources */ = {isa = PBXBuildFile; fileRef = 8571B0E82073CB1C00310C65 /* SlotCondition.swift */; };
		854AFE5C2073CDF5002403E3 /* BufferAction.swift in Sources */ = {isa = PBXBuildFile; fileRef = 8571B0E92073CB1C00310C65 /* BufferAction.swift */; };
		854AFE5D2073CDF5002403E3 /* Support.swift in Sources */ = {isa = PBXBuildFile; fileRef = 8571B0EA2073CB1C00310C65 /* Support.swift */; };
		854AFE5E2073CDF5002403E3 /* Parser.swift in Sources */ = {isa = PBXBuildFile; fileRef = 8571B0EB2073CB1C00310C65 /* Parser.swift */; };
		854AFE5F2073CDF5002403E3 /* Declarative.swift in Sources */ = {isa = PBXBuildFile; fileRef = 8571B0EC2073CB1C00310C65 /* Declarative.swift */; };
		854AFE602073CDF5002403E3 /* Chunk.swift in Sources */ = {isa = PBXBuildFile; fileRef = 8571B0ED2073CB1C00310C65 /* Chunk.swift */; };
		854AFE612073CDF5002403E3 /* Production.swift in Sources */ = {isa = PBXBuildFile; fileRef = 8571B0EE2073CB1C00310C65 /* Production.swift */; };
		854AFE652073CFAF002403E3 /* test.actr in Resources */ = {isa = PBXBuildFile; fileRef = 854AFE622073CFAD002403E3 /* test.actr */; };
		854AFE662073CFAF002403E3 /* rps.actr in Resources */ = {isa = PBXBuildFile; fileRef = 854AFE632073CFAE002403E3 /* rps.actr */; };
		854AFE672073CFAF002403E3 /* indianArtPoker.actr in Resources */ = {isa = PBXBuildFile; fileRef = 854AFE642073CFAE002403E3 /* indianArtPoker.actr */; };
		855A34CF205AB47600360891 /* AppDelegate.swift in Sources */ = {isa = PBXBuildFile; fileRef = 855A34CE205AB47600360891 /* AppDelegate.swift */; };
		855A34D1205AB47600360891 /* GameScene.sks in Resources */ = {isa = PBXBuildFile; fileRef = 855A34D0205AB47600360891 /* GameScene.sks */; };
		855A34D5205AB47700360891 /* GameScene.swift in Sources */ = {isa = PBXBuildFile; fileRef = 855A34D4205AB47700360891 /* GameScene.swift */; };
		855A34D7205AB47700360891 /* GameViewController.swift in Sources */ = {isa = PBXBuildFile; fileRef = 855A34D6205AB47700360891 /* GameViewController.swift */; };
		855A34DA205AB47700360891 /* Main.storyboard in Resources */ = {isa = PBXBuildFile; fileRef = 855A34D8205AB47700360891 /* Main.storyboard */; };
		855A34DC205AB47700360891 /* Assets.xcassets in Resources */ = {isa = PBXBuildFile; fileRef = 855A34DB205AB47700360891 /* Assets.xcassets */; };
		855A34DF205AB47700360891 /* LaunchScreen.storyboard in Resources */ = {isa = PBXBuildFile; fileRef = 855A34DD205AB47700360891 /* LaunchScreen.storyboard */; };
		855A34E7205ABD8400360891 /* MainGameScene.sks in Resources */ = {isa = PBXBuildFile; fileRef = 855A34E6205ABD8400360891 /* MainGameScene.sks */; };
		855A34E9205ABEA900360891 /* MainGameScene.swift in Sources */ = {isa = PBXBuildFile; fileRef = 855A34E8205ABEA900360891 /* MainGameScene.swift */; };
		8564988520746BC9006678F0 /* win.mp3 in Resources */ = {isa = PBXBuildFile; fileRef = 8564988420746BC9006678F0 /* win.mp3 */; };
		8586DC10207265FC00BE2C08 /* RulesScene.sks in Resources */ = {isa = PBXBuildFile; fileRef = 8586DC0F207265FC00BE2C08 /* RulesScene.sks */; };
		85B14EF4205D8EDE00E9B407 /* CongratsScene.sks in Resources */ = {isa = PBXBuildFile; fileRef = 85B14EF3205D8EDE00E9B407 /* CongratsScene.sks */; };
		85B14EF6205D8EF300E9B407 /* CongratsScene.swift in Sources */ = {isa = PBXBuildFile; fileRef = 85B14EF5205D8EF300E9B407 /* CongratsScene.swift */; };
		85E6BC38205DE883003D927C /* GameData.swift in Sources */ = {isa = PBXBuildFile; fileRef = 85E6BC37205DE883003D927C /* GameData.swift */; };
		9533F4C9206BBAB400BE940E /* Card.swift in Sources */ = {isa = PBXBuildFile; fileRef = 9533F4C8206BBAB400BE940E /* Card.swift */; };
/* End PBXBuildFile section */

/* Begin PBXFileReference section */
		7C459538206D2DE500D38305 /* Coin.swift */ = {isa = PBXFileReference; lastKnownFileType = sourcecode.swift; path = Coin.swift; sourceTree = "<group>"; };
		7C5B9A7A2075284D00D96FF5 /* Deck.swift */ = {isa = PBXFileReference; lastKnownFileType = sourcecode.swift; path = Deck.swift; sourceTree = "<group>"; };
		7CA71FDA206A6CFA004AA05C /* RulesScene.swift */ = {isa = PBXFileReference; lastKnownFileType = sourcecode.swift; path = RulesScene.swift; sourceTree = "<group>"; };
		850643662072CC0E00BCC55D /* ImageProcessor.swift */ = {isa = PBXFileReference; lastKnownFileType = sourcecode.swift; path = ImageProcessor.swift; sourceTree = "<group>"; };
		8506436E2072F0A600BCC55D /* Classifier.mlmodel */ = {isa = PBXFileReference; lastKnownFileType = file.mlmodel; path = Classifier.mlmodel; sourceTree = "<group>"; };
		850DFD7B205B56D700CFE8F9 /* BaseGame.swift */ = {isa = PBXFileReference; lastKnownFileType = sourcecode.swift; path = BaseGame.swift; sourceTree = "<group>"; };
		85199505205C0554003FEB0C /* GameHandler.swift */ = {isa = PBXFileReference; lastKnownFileType = sourcecode.swift; path = GameHandler.swift; sourceTree = "<group>"; };
		85199508205C5594003FEB0C /* bgmusic.mp3 */ = {isa = PBXFileReference; lastKnownFileType = audio.mp3; path = bgmusic.mp3; sourceTree = "<group>"; };
		85199513205C5D54003FEB0C /* Coin2.mp3 */ = {isa = PBXFileReference; lastKnownFileType = audio.mp3; path = Coin2.mp3; sourceTree = "<group>"; };
		85199514205C5D54003FEB0C /* Coin1.mp3 */ = {isa = PBXFileReference; lastKnownFileType = audio.mp3; path = Coin1.mp3; sourceTree = "<group>"; };
		854AFE622073CFAD002403E3 /* test.actr */ = {isa = PBXFileReference; fileEncoding = 4; lastKnownFileType = text; path = test.actr; sourceTree = "<group>"; };
		854AFE632073CFAE002403E3 /* rps.actr */ = {isa = PBXFileReference; fileEncoding = 4; lastKnownFileType = text; path = rps.actr; sourceTree = "<group>"; };
		854AFE642073CFAE002403E3 /* indianArtPoker.actr */ = {isa = PBXFileReference; fileEncoding = 4; lastKnownFileType = text; path = indianArtPoker.actr; sourceTree = "<group>"; };
		855A34CB205AB47600360891 /* PaintingBluff.app */ = {isa = PBXFileReference; explicitFileType = wrapper.application; includeInIndex = 0; path = PaintingBluff.app; sourceTree = BUILT_PRODUCTS_DIR; };
		855A34CE205AB47600360891 /* AppDelegate.swift */ = {isa = PBXFileReference; lastKnownFileType = sourcecode.swift; path = AppDelegate.swift; sourceTree = "<group>"; };
		855A34D0205AB47600360891 /* GameScene.sks */ = {isa = PBXFileReference; lastKnownFileType = file.sks; path = GameScene.sks; sourceTree = "<group>"; };
		855A34D4205AB47700360891 /* GameScene.swift */ = {isa = PBXFileReference; lastKnownFileType = sourcecode.swift; path = GameScene.swift; sourceTree = "<group>"; };
		855A34D6205AB47700360891 /* GameViewController.swift */ = {isa = PBXFileReference; lastKnownFileType = sourcecode.swift; path = GameViewController.swift; sourceTree = "<group>"; };
		855A34D9205AB47700360891 /* Base */ = {isa = PBXFileReference; lastKnownFileType = file.storyboard; name = Base; path = Base.lproj/Main.storyboard; sourceTree = "<group>"; };
		855A34DB205AB47700360891 /* Assets.xcassets */ = {isa = PBXFileReference; lastKnownFileType = folder.assetcatalog; path = Assets.xcassets; sourceTree = "<group>"; };
		855A34DE205AB47700360891 /* Base */ = {isa = PBXFileReference; lastKnownFileType = file.storyboard; name = Base; path = Base.lproj/LaunchScreen.storyboard; sourceTree = "<group>"; };
		855A34E0205AB47700360891 /* Info.plist */ = {isa = PBXFileReference; lastKnownFileType = text.plist.xml; path = Info.plist; sourceTree = "<group>"; };
		855A34E6205ABD8400360891 /* MainGameScene.sks */ = {isa = PBXFileReference; lastKnownFileType = file.sks; path = MainGameScene.sks; sourceTree = "<group>"; };
		855A34E8205ABEA900360891 /* MainGameScene.swift */ = {isa = PBXFileReference; lastKnownFileType = sourcecode.swift; path = MainGameScene.swift; sourceTree = "<group>"; };
		8564988420746BC9006678F0 /* win.mp3 */ = {isa = PBXFileReference; lastKnownFileType = audio.mp3; path = win.mp3; sourceTree = "<group>"; };
		8571B0E12073CB1C00310C65 /* SlotAction.swift */ = {isa = PBXFileReference; lastKnownFileType = sourcecode.swift; path = SlotAction.swift; sourceTree = "<group>"; };
		8571B0E22073CB1C00310C65 /* BufferCondition.swift */ = {isa = PBXFileReference; lastKnownFileType = sourcecode.swift; path = BufferCondition.swift; sourceTree = "<group>"; };
		8571B0E32073CB1C00310C65 /* Model.swift */ = {isa = PBXFileReference; lastKnownFileType = sourcecode.swift; path = Model.swift; sourceTree = "<group>"; };
		8571B0E42073CB1C00310C65 /* Procedural.swift */ = {isa = PBXFileReference; lastKnownFileType = sourcecode.swift; path = Procedural.swift; sourceTree = "<group>"; };
		8571B0E52073CB1C00310C65 /* Instantiation.swift */ = {isa = PBXFileReference; lastKnownFileType = sourcecode.swift; path = Instantiation.swift; sourceTree = "<group>"; };
		8571B0E62073CB1C00310C65 /* Temporal.swift */ = {isa = PBXFileReference; lastKnownFileType = sourcecode.swift; path = Temporal.swift; sourceTree = "<group>"; };
		8571B0E72073CB1C00310C65 /* Tokenizer.swift */ = {isa = PBXFileReference; lastKnownFileType = sourcecode.swift; path = Tokenizer.swift; sourceTree = "<group>"; };
		8571B0E82073CB1C00310C65 /* SlotCondition.swift */ = {isa = PBXFileReference; lastKnownFileType = sourcecode.swift; path = SlotCondition.swift; sourceTree = "<group>"; };
		8571B0E92073CB1C00310C65 /* BufferAction.swift */ = {isa = PBXFileReference; lastKnownFileType = sourcecode.swift; path = BufferAction.swift; sourceTree = "<group>"; };
		8571B0EA2073CB1C00310C65 /* Support.swift */ = {isa = PBXFileReference; lastKnownFileType = sourcecode.swift; path = Support.swift; sourceTree = "<group>"; };
		8571B0EB2073CB1C00310C65 /* Parser.swift */ = {isa = PBXFileReference; lastKnownFileType = sourcecode.swift; path = Parser.swift; sourceTree = "<group>"; };
		8571B0EC2073CB1C00310C65 /* Declarative.swift */ = {isa = PBXFileReference; lastKnownFileType = sourcecode.swift; path = Declarative.swift; sourceTree = "<group>"; };
		8571B0ED2073CB1C00310C65 /* Chunk.swift */ = {isa = PBXFileReference; lastKnownFileType = sourcecode.swift; path = Chunk.swift; sourceTree = "<group>"; };
		8571B0EE2073CB1C00310C65 /* Production.swift */ = {isa = PBXFileReference; lastKnownFileType = sourcecode.swift; path = Production.swift; sourceTree = "<group>"; };
		8586DC0F207265FC00BE2C08 /* RulesScene.sks */ = {isa = PBXFileReference; lastKnownFileType = file.sks; path = RulesScene.sks; sourceTree = "<group>"; };
		85B14EF3205D8EDE00E9B407 /* CongratsScene.sks */ = {isa = PBXFileReference; lastKnownFileType = file.sks; path = CongratsScene.sks; sourceTree = "<group>"; };
		85B14EF5205D8EF300E9B407 /* CongratsScene.swift */ = {isa = PBXFileReference; lastKnownFileType = sourcecode.swift; path = CongratsScene.swift; sourceTree = "<group>"; };
		85E6BC37205DE883003D927C /* GameData.swift */ = {isa = PBXFileReference; lastKnownFileType = sourcecode.swift; path = GameData.swift; sourceTree = "<group>"; };
		9533F4C8206BBAB400BE940E /* Card.swift */ = {isa = PBXFileReference; lastKnownFileType = sourcecode.swift; path = Card.swift; sourceTree = "<group>"; };
/* End PBXFileReference section */

/* Begin PBXFrameworksBuildPhase section */
		855A34C8205AB47600360891 /* Frameworks */ = {
			isa = PBXFrameworksBuildPhase;
			buildActionMask = 2147483647;
			files = (
			);
			runOnlyForDeploymentPostprocessing = 0;
		};
/* End PBXFrameworksBuildPhase section */

/* Begin PBXGroup section */
		7CA71FD9206A6C83004AA05C /* RulesScene */ = {
			isa = PBXGroup;
			children = (
				7CA71FDA206A6CFA004AA05C /* RulesScene.swift */,
				8586DC0F207265FC00BE2C08 /* RulesScene.sks */,
			);
			path = RulesScene;
			sourceTree = "<group>";
		};
		850324F1205B54E500A6C6D8 /* MainGame */ = {
			isa = PBXGroup;
			children = (
				855A34E6205ABD8400360891 /* MainGameScene.sks */,
				855A34E8205ABEA900360891 /* MainGameScene.swift */,
				9533F4C8206BBAB400BE940E /* Card.swift */,
				7C459538206D2DE500D38305 /* Coin.swift */,
				7C5B9A7A2075284D00D96FF5 /* Deck.swift */,
			);
			path = MainGame;
			sourceTree = "<group>";
		};
		850324F2205B550D00A6C6D8 /* GameMenu */ = {
			isa = PBXGroup;
			children = (
				855A34D0205AB47600360891 /* GameScene.sks */,
				855A34D4205AB47700360891 /* GameScene.swift */,
			);
			path = GameMenu;
			sourceTree = "<group>";
		};
		850DFD79205B55AF00CFE8F9 /* Scenes */ = {
			isa = PBXGroup;
			children = (
				7CA71FD9206A6C83004AA05C /* RulesScene */,
				850324F2205B550D00A6C6D8 /* GameMenu */,
				850324F1205B54E500A6C6D8 /* MainGame */,
				85B14EF7205D8EFA00E9B407 /* Congrats */,
			);
			path = Scenes;
			sourceTree = "<group>";
		};
		850DFD7A205B567800CFE8F9 /* Models */ = {
			isa = PBXGroup;
			children = (
				850DFD7B205B56D700CFE8F9 /* BaseGame.swift */,
				85199505205C0554003FEB0C /* GameHandler.swift */,
				85E6BC37205DE883003D927C /* GameData.swift */,
			);
			path = Models;
			sourceTree = "<group>";
		};
		8519950F205C55C5003FEB0C /* Music */ = {
			isa = PBXGroup;
			children = (
				8564988420746BC9006678F0 /* win.mp3 */,
				85199508205C5594003FEB0C /* bgmusic.mp3 */,
			);
			path = Music;
			sourceTree = "<group>";
		};
		85199512205C5AE5003FEB0C /* SoundEffect */ = {
			isa = PBXGroup;
			children = (
				85199514205C5D54003FEB0C /* Coin1.mp3 */,
				85199513205C5D54003FEB0C /* Coin2.mp3 */,
			);
			path = SoundEffect;
			sourceTree = "<group>";
		};
		854AFE682073CFB5002403E3 /* ACT-R Models */ = {
			isa = PBXGroup;
			children = (
				854AFE642073CFAE002403E3 /* indianArtPoker.actr */,
				854AFE632073CFAE002403E3 /* rps.actr */,
				854AFE622073CFAD002403E3 /* test.actr */,
			);
			name = "ACT-R Models";
			path = "New Group";
			sourceTree = "<group>";
		};
		855A34C2205AB47600360891 = {
			isa = PBXGroup;
			children = (
				855A34CD205AB47600360891 /* game_demo */,
				855A34D8205AB47700360891 /* Main.storyboard */,
				855A34DD205AB47700360891 /* LaunchScreen.storyboard */,
				855A34CC205AB47600360891 /* Products */,
			);
			sourceTree = "<group>";
		};
		855A34CC205AB47600360891 /* Products */ = {
			isa = PBXGroup;
			children = (
				855A34CB205AB47600360891 /* PaintingBluff.app */,
			);
			name = Products;
			sourceTree = "<group>";
		};
		855A34CD205AB47600360891 /* game_demo */ = {
			isa = PBXGroup;
			children = (
				8586DC132072C98D00BE2C08 /* Machine learning utilities */,
				85199512205C5AE5003FEB0C /* SoundEffect */,
				8519950F205C55C5003FEB0C /* Music */,
				855A34CE205AB47600360891 /* AppDelegate.swift */,
				855A34DB205AB47700360891 /* Assets.xcassets */,
				855A34E0205AB47700360891 /* Info.plist */,
				855A34D6205AB47700360891 /* GameViewController.swift */,
				854AFE682073CFB5002403E3 /* ACT-R Models */,
				8571B0E02073CB1C00310C65 /* Core ACT-R */,
				850DFD7A205B567800CFE8F9 /* Models */,
				850DFD79205B55AF00CFE8F9 /* Scenes */,
			);
			path = game_demo;
			sourceTree = "<group>";
		};
		8571B0E02073CB1C00310C65 /* Core ACT-R */ = {
			isa = PBXGroup;
			children = (
				8571B0E12073CB1C00310C65 /* SlotAction.swift */,
				8571B0E22073CB1C00310C65 /* BufferCondition.swift */,
				8571B0E32073CB1C00310C65 /* Model.swift */,
				8571B0E42073CB1C00310C65 /* Procedural.swift */,
				8571B0E52073CB1C00310C65 /* Instantiation.swift */,
				8571B0E62073CB1C00310C65 /* Temporal.swift */,
				8571B0E72073CB1C00310C65 /* Tokenizer.swift */,
				8571B0E82073CB1C00310C65 /* SlotCondition.swift */,
				8571B0E92073CB1C00310C65 /* BufferAction.swift */,
				8571B0EA2073CB1C00310C65 /* Support.swift */,
				8571B0EB2073CB1C00310C65 /* Parser.swift */,
				8571B0EC2073CB1C00310C65 /* Declarative.swift */,
				8571B0ED2073CB1C00310C65 /* Chunk.swift */,
				8571B0EE2073CB1C00310C65 /* Production.swift */,
			);
			path = "Core ACT-R";
			sourceTree = "<group>";
		};
		8586DC132072C98D00BE2C08 /* Machine learning utilities */ = {
			isa = PBXGroup;
			children = (
				8506436E2072F0A600BCC55D /* Classifier.mlmodel */,
				850643662072CC0E00BCC55D /* ImageProcessor.swift */,
			);
			path = "Machine learning utilities";
			sourceTree = "<group>";
		};
		85B14EF7205D8EFA00E9B407 /* Congrats */ = {
			isa = PBXGroup;
			children = (
				85B14EF3205D8EDE00E9B407 /* CongratsScene.sks */,
				85B14EF5205D8EF300E9B407 /* CongratsScene.swift */,
			);
			path = Congrats;
			sourceTree = "<group>";
		};
/* End PBXGroup section */

/* Begin PBXNativeTarget section */
		855A34CA205AB47600360891 /* PaintingBluff */ = {
			isa = PBXNativeTarget;
			buildConfigurationList = 855A34E3205AB47700360891 /* Build configuration list for PBXNativeTarget "PaintingBluff" */;
			buildPhases = (
				855A34C7205AB47600360891 /* Sources */,
				855A34C8205AB47600360891 /* Frameworks */,
				855A34C9205AB47600360891 /* Resources */,
			);
			buildRules = (
			);
			dependencies = (
			);
			name = PaintingBluff;
			productName = game_demo;
			productReference = 855A34CB205AB47600360891 /* PaintingBluff.app */;
			productType = "com.apple.product-type.application";
		};
/* End PBXNativeTarget section */

/* Begin PBXProject section */
		855A34C3205AB47600360891 /* Project object */ = {
			isa = PBXProject;
			attributes = {
				LastSwiftUpdateCheck = 0920;
				LastUpgradeCheck = 0930;
				ORGANIZATIONNAME = Jed;
				TargetAttributes = {
					855A34CA205AB47600360891 = {
						CreatedOnToolsVersion = 9.2;
						ProvisioningStyle = Automatic;
					};
				};
			};
			buildConfigurationList = 855A34C6205AB47600360891 /* Build configuration list for PBXProject "game_demo" */;
			compatibilityVersion = "Xcode 8.0";
			developmentRegion = en;
			hasScannedForEncodings = 0;
			knownRegions = (
				en,
				Base,
			);
			mainGroup = 855A34C2205AB47600360891;
			productRefGroup = 855A34CC205AB47600360891 /* Products */;
			projectDirPath = "";
			projectRoot = "";
			targets = (
				855A34CA205AB47600360891 /* PaintingBluff */,
			);
		};
/* End PBXProject section */

/* Begin PBXResourcesBuildPhase section */
		855A34C9205AB47600360891 /* Resources */ = {
			isa = PBXResourcesBuildPhase;
			buildActionMask = 2147483647;
			files = (
				8519950B205C5595003FEB0C /* bgmusic.mp3 in Resources */,
				854AFE662073CFAF002403E3 /* rps.actr in Resources */,
				85199515205C5D55003FEB0C /* Coin2.mp3 in Resources */,
				8586DC10207265FC00BE2C08 /* RulesScene.sks in Resources */,
				854AFE672073CFAF002403E3 /* indianArtPoker.actr in Resources */,
				855A34DA205AB47700360891 /* Main.storyboard in Resources */,
				855A34E7205ABD8400360891 /* MainGameScene.sks in Resources */,
				85B14EF4205D8EDE00E9B407 /* CongratsScene.sks in Resources */,
				855A34D1205AB47600360891 /* GameScene.sks in Resources */,
				8564988520746BC9006678F0 /* win.mp3 in Resources */,
				854AFE652073CFAF002403E3 /* test.actr in Resources */,
				855A34DC205AB47700360891 /* Assets.xcassets in Resources */,
				85199516205C5D55003FEB0C /* Coin1.mp3 in Resources */,
				855A34DF205AB47700360891 /* LaunchScreen.storyboard in Resources */,
			);
			runOnlyForDeploymentPostprocessing = 0;
		};
/* End PBXResourcesBuildPhase section */

/* Begin PBXSourcesBuildPhase section */
		855A34C7205AB47600360891 /* Sources */ = {
			isa = PBXSourcesBuildPhase;
			buildActionMask = 2147483647;
			files = (
				7C5B9A7B2075284D00D96FF5 /* Deck.swift in Sources */,
				854AFE5F2073CDF5002403E3 /* Declarative.swift in Sources */,
				855A34D5205AB47700360891 /* GameScene.swift in Sources */,
				854AFE5A2073CDF5002403E3 /* Tokenizer.swift in Sources */,
				854AFE582073CDF5002403E3 /* Instantiation.swift in Sources */,
				854AFE572073CDF5002403E3 /* Procedural.swift in Sources */,
				854AFE612073CDF5002403E3 /* Production.swift in Sources */,
				854AFE592073CDF5002403E3 /* Temporal.swift in Sources */,
				854AFE542073CDF5002403E3 /* SlotAction.swift in Sources */,
				7CA71FDB206A6CFA004AA05C /* RulesScene.swift in Sources */,
				8506436F2072F0A600BCC55D /* Classifier.mlmodel in Sources */,
				855A34E9205ABEA900360891 /* MainGameScene.swift in Sources */,
				854AFE5D2073CDF5002403E3 /* Support.swift in Sources */,
				854AFE5C2073CDF5002403E3 /* BufferAction.swift in Sources */,
				854AFE552073CDF5002403E3 /* BufferCondition.swift in Sources */,
				85B14EF6205D8EF300E9B407 /* CongratsScene.swift in Sources */,
				854AFE562073CDF5002403E3 /* Model.swift in Sources */,
				850643672072CC0E00BCC55D /* ImageProcessor.swift in Sources */,
				85199506205C0554003FEB0C /* GameHandler.swift in Sources */,
				850DFD7C205B56D700CFE8F9 /* BaseGame.swift in Sources */,
				85E6BC38205DE883003D927C /* GameData.swift in Sources */,
				855A34D7205AB47700360891 /* GameViewController.swift in Sources */,
				7C459539206D2DE500D38305 /* Coin.swift in Sources */,
				854AFE5E2073CDF5002403E3 /* Parser.swift in Sources */,
				855A34CF205AB47600360891 /* AppDelegate.swift in Sources */,
				854AFE602073CDF5002403E3 /* Chunk.swift in Sources */,
				854AFE5B2073CDF5002403E3 /* SlotCondition.swift in Sources */,
				9533F4C9206BBAB400BE940E /* Card.swift in Sources */,
			);
			runOnlyForDeploymentPostprocessing = 0;
		};
/* End PBXSourcesBuildPhase section */

/* Begin PBXVariantGroup section */
		855A34D8205AB47700360891 /* Main.storyboard */ = {
			isa = PBXVariantGroup;
			children = (
				855A34D9205AB47700360891 /* Base */,
			);
			name = Main.storyboard;
			sourceTree = "<group>";
		};
		855A34DD205AB47700360891 /* LaunchScreen.storyboard */ = {
			isa = PBXVariantGroup;
			children = (
				855A34DE205AB47700360891 /* Base */,
			);
			name = LaunchScreen.storyboard;
			sourceTree = "<group>";
		};
/* End PBXVariantGroup section */

/* Begin XCBuildConfiguration section */
		855A34E1205AB47700360891 /* Debug */ = {
			isa = XCBuildConfiguration;
			buildSettings = {
				ALWAYS_SEARCH_USER_PATHS = NO;
				CLANG_ANALYZER_NONNULL = YES;
				CLANG_ANALYZER_NUMBER_OBJECT_CONVERSION = YES_AGGRESSIVE;
				CLANG_CXX_LANGUAGE_STANDARD = "gnu++14";
				CLANG_CXX_LIBRARY = "libc++";
				CLANG_ENABLE_MODULES = YES;
				CLANG_ENABLE_OBJC_ARC = YES;
				CLANG_WARN_BLOCK_CAPTURE_AUTORELEASING = YES;
				CLANG_WARN_BOOL_CONVERSION = YES;
				CLANG_WARN_COMMA = YES;
				CLANG_WARN_CONSTANT_CONVERSION = YES;
				CLANG_WARN_DIRECT_OBJC_ISA_USAGE = YES_ERROR;
				CLANG_WARN_DOCUMENTATION_COMMENTS = YES;
				CLANG_WARN_EMPTY_BODY = YES;
				CLANG_WARN_ENUM_CONVERSION = YES;
				CLANG_WARN_INFINITE_RECURSION = YES;
				CLANG_WARN_INT_CONVERSION = YES;
				CLANG_WARN_NON_LITERAL_NULL_CONVERSION = YES;
				CLANG_WARN_OBJC_LITERAL_CONVERSION = YES;
				CLANG_WARN_OBJC_ROOT_CLASS = YES_ERROR;
				CLANG_WARN_RANGE_LOOP_ANALYSIS = YES;
				CLANG_WARN_STRICT_PROTOTYPES = YES;
				CLANG_WARN_SUSPICIOUS_MOVE = YES;
				CLANG_WARN_UNGUARDED_AVAILABILITY = YES_AGGRESSIVE;
				CLANG_WARN_UNREACHABLE_CODE = YES;
				CLANG_WARN__DUPLICATE_METHOD_MATCH = YES;
				CODE_SIGN_IDENTITY = "iPhone Developer";
				COPY_PHASE_STRIP = NO;
				DEBUG_INFORMATION_FORMAT = dwarf;
				ENABLE_STRICT_OBJC_MSGSEND = YES;
				ENABLE_TESTABILITY = YES;
				GCC_C_LANGUAGE_STANDARD = gnu11;
				GCC_DYNAMIC_NO_PIC = NO;
				GCC_NO_COMMON_BLOCKS = YES;
				GCC_OPTIMIZATION_LEVEL = 0;
				GCC_PREPROCESSOR_DEFINITIONS = (
					"DEBUG=1",
					"$(inherited)",
				);
				GCC_WARN_64_TO_32_BIT_CONVERSION = YES;
				GCC_WARN_ABOUT_RETURN_TYPE = YES_ERROR;
				GCC_WARN_UNDECLARED_SELECTOR = YES;
				GCC_WARN_UNINITIALIZED_AUTOS = YES_AGGRESSIVE;
				GCC_WARN_UNUSED_FUNCTION = YES;
				GCC_WARN_UNUSED_VARIABLE = YES;
				IPHONEOS_DEPLOYMENT_TARGET = 11.2;
				MTL_ENABLE_DEBUG_INFO = YES;
				ONLY_ACTIVE_ARCH = YES;
				SDKROOT = iphoneos;
				SWIFT_ACTIVE_COMPILATION_CONDITIONS = DEBUG;
				SWIFT_OPTIMIZATION_LEVEL = "-Onone";
			};
			name = Debug;
		};
		855A34E2205AB47700360891 /* Release */ = {
			isa = XCBuildConfiguration;
			buildSettings = {
				ALWAYS_SEARCH_USER_PATHS = NO;
				CLANG_ANALYZER_NONNULL = YES;
				CLANG_ANALYZER_NUMBER_OBJECT_CONVERSION = YES_AGGRESSIVE;
				CLANG_CXX_LANGUAGE_STANDARD = "gnu++14";
				CLANG_CXX_LIBRARY = "libc++";
				CLANG_ENABLE_MODULES = YES;
				CLANG_ENABLE_OBJC_ARC = YES;
				CLANG_WARN_BLOCK_CAPTURE_AUTORELEASING = YES;
				CLANG_WARN_BOOL_CONVERSION = YES;
				CLANG_WARN_COMMA = YES;
				CLANG_WARN_CONSTANT_CONVERSION = YES;
				CLANG_WARN_DIRECT_OBJC_ISA_USAGE = YES_ERROR;
				CLANG_WARN_DOCUMENTATION_COMMENTS = YES;
				CLANG_WARN_EMPTY_BODY = YES;
				CLANG_WARN_ENUM_CONVERSION = YES;
				CLANG_WARN_INFINITE_RECURSION = YES;
				CLANG_WARN_INT_CONVERSION = YES;
				CLANG_WARN_NON_LITERAL_NULL_CONVERSION = YES;
				CLANG_WARN_OBJC_LITERAL_CONVERSION = YES;
				CLANG_WARN_OBJC_ROOT_CLASS = YES_ERROR;
				CLANG_WARN_RANGE_LOOP_ANALYSIS = YES;
				CLANG_WARN_STRICT_PROTOTYPES = YES;
				CLANG_WARN_SUSPICIOUS_MOVE = YES;
				CLANG_WARN_UNGUARDED_AVAILABILITY = YES_AGGRESSIVE;
				CLANG_WARN_UNREACHABLE_CODE = YES;
				CLANG_WARN__DUPLICATE_METHOD_MATCH = YES;
				CODE_SIGN_IDENTITY = "iPhone Developer";
				COPY_PHASE_STRIP = NO;
				DEBUG_INFORMATION_FORMAT = "dwarf-with-dsym";
				ENABLE_NS_ASSERTIONS = NO;
				ENABLE_STRICT_OBJC_MSGSEND = YES;
				GCC_C_LANGUAGE_STANDARD = gnu11;
				GCC_NO_COMMON_BLOCKS = YES;
				GCC_WARN_64_TO_32_BIT_CONVERSION = YES;
				GCC_WARN_ABOUT_RETURN_TYPE = YES_ERROR;
				GCC_WARN_UNDECLARED_SELECTOR = YES;
				GCC_WARN_UNINITIALIZED_AUTOS = YES_AGGRESSIVE;
				GCC_WARN_UNUSED_FUNCTION = YES;
				GCC_WARN_UNUSED_VARIABLE = YES;
				IPHONEOS_DEPLOYMENT_TARGET = 11.2;
				MTL_ENABLE_DEBUG_INFO = NO;
				SDKROOT = iphoneos;
				SWIFT_OPTIMIZATION_LEVEL = "-Owholemodule";
				VALIDATE_PRODUCT = YES;
			};
			name = Release;
		};
		855A34E4205AB47700360891 /* Debug */ = {
			isa = XCBuildConfiguration;
			buildSettings = {
				ASSETCATALOG_COMPILER_APPICON_NAME = AppIcon;
				CODE_SIGN_STYLE = Automatic;
				DEVELOPMENT_TEAM = 3HFEGW6FN2;
				INFOPLIST_FILE = game_demo/Info.plist;
				LD_RUNPATH_SEARCH_PATHS = "$(inherited) @executable_path/Frameworks";
				PRODUCT_BUNDLE_IDENTIFIER = "rug.jed.test.game-demo";
				PRODUCT_NAME = "$(TARGET_NAME)";
				SWIFT_VERSION = 4.0;
				TARGETED_DEVICE_FAMILY = 1;
			};
			name = Debug;
		};
		855A34E5205AB47700360891 /* Release */ = {
			isa = XCBuildConfiguration;
			buildSettings = {
				ASSETCATALOG_COMPILER_APPICON_NAME = AppIcon;
				CODE_SIGN_STYLE = Automatic;
				DEVELOPMENT_TEAM = 3HFEGW6FN2;
				INFOPLIST_FILE = game_demo/Info.plist;
				LD_RUNPATH_SEARCH_PATHS = "$(inherited) @executable_path/Frameworks";
				PRODUCT_BUNDLE_IDENTIFIER = "rug.jed.test.game-demo";
				PRODUCT_NAME = "$(TARGET_NAME)";
				SWIFT_VERSION = 4.0;
				TARGETED_DEVICE_FAMILY = 1;
			};
			name = Release;
		};
/* End XCBuildConfiguration section */

/* Begin XCConfigurationList section */
		855A34C6205AB47600360891 /* Build configuration list for PBXProject "game_demo" */ = {
			isa = XCConfigurationList;
			buildConfigurations = (
				855A34E1205AB47700360891 /* Debug */,
				855A34E2205AB47700360891 /* Release */,
			);
			defaultConfigurationIsVisible = 0;
			defaultConfigurationName = Release;
		};
		855A34E3205AB47700360891 /* Build configuration list for PBXNativeTarget "PaintingBluff" */ = {
			isa = XCConfigurationList;
			buildConfigurations = (
				855A34E4205AB47700360891 /* Debug */,
				855A34E5205AB47700360891 /* Release */,
			);
			defaultConfigurationIsVisible = 0;
			defaultConfigurationName = Release;
		};
/* End XCConfigurationList section */
	};
	rootObject = 855A34C3205AB47600360891 /* Project object */;
}
